<?xml version="1.0" encoding="utf-8"?>
<Project ToolsVersion="4.0" xmlns="http://schemas.microsoft.com/developer/msbuild/2003">
  <ItemGroup>
    <Filter Include="Source Files">
      <UniqueIdentifier>{4FC737F1-C7A5-4376-A066-2A32D752A2FF}</UniqueIdentifier>
      <Extensions>cpp;c;cc;cxx;def;odl;idl;hpj;bat;asm;asmx</Extensions>
    </Filter>
    <Filter Include="Header Files">
      <UniqueIdentifier>{93995380-89BD-4b04-88EB-625FBE52EBFB}</UniqueIdentifier>
      <Extensions>h;hh;hpp;hxx;hm;inl;inc;xsd</Extensions>
    </Filter>
    <Filter Include="Resource Files">
      <UniqueIdentifier>{67DA6AB6-F800-4c08-8B7A-83BB121AAD01}</UniqueIdentifier>
      <Extensions>rc;ico;cur;bmp;dlg;rc2;rct;bin;rgs;gif;jpg;jpeg;jpe;resx;tiff;tif;png;wav;mfcribbon-ms</Extensions>
    </Filter>
    <Filter Include="Shaders">
      <UniqueIdentifier>{b2d3bfbe-4f65-49da-8853-edd9c1ac43b2}</UniqueIdentifier>
    </Filter>
    <Filter Include="Common">
      <UniqueIdentifier>{6dbe3a7a-cfb4-4d18-bba8-496a799b18ac}</UniqueIdentifier>
    </Filter>
    <Filter Include="Common\ThirdParty">
      <UniqueIdentifier>{996f7b95-9f63-4748-ba9a-593803dfa432}</UniqueIdentifier>
    </Filter>
    <Filter Include="Common\Utility">
      <UniqueIdentifier>{d8d84a9c-2b2a-4ebf-91e3-ce355db952b0}</UniqueIdentifier>
    </Filter>
  </ItemGroup>
  <ItemGroup>
    <ClCompile Include="Source\MyApp.cpp">
      <Filter>Source Files</Filter>
    </ClCompile>
    <ClCompile Include="Source\Main.cpp">
      <Filter>Source Files</Filter>
    </ClCompile>
    <ClCompile Include="Source\RenderStates.cpp">
      <Filter>Source Files</Filter>
    </ClCompile>
    <ClCompile Include="Source\Utility\D3DApp.cpp">
      <Filter>Common\Utility</Filter>
    </ClCompile>
    <ClCompile Include="Source\Utility\GameTimer.cpp">
      <Filter>Common\Utility</Filter>
    </ClCompile>
    <ClCompile Include="Source\Utility\GCube.cpp">
      <Filter>Common\Utility</Filter>
    </ClCompile>
    <ClCompile Include="Source\Utility\GCylinder.cpp">
      <Filter>Common\Utility</Filter>
    </ClCompile>
    <ClCompile Include="Source\Utility\GeometryGenerator.cpp">
      <Filter>Common\Utility</Filter>
    </ClCompile>
    <ClCompile Include="Source\Utility\GFirstPersonCamera.cpp">
      <Filter>Common\Utility</Filter>
    </ClCompile>
    <ClCompile Include="Source\Utility\GHill.cpp">
      <Filter>Common\Utility</Filter>
    </ClCompile>
    <ClCompile Include="Source\Utility\GObject.cpp">
      <Filter>Common\Utility</Filter>
    </ClCompile>
    <ClCompile Include="Source\Utility\GPlane.cpp">
      <Filter>Common\Utility</Filter>
    </ClCompile>
    <ClCompile Include="Source\Utility\GPlaneXY.cpp">
      <Filter>Common\Utility</Filter>
    </ClCompile>
    <ClCompile Include="Source\Utility\GPlaneXZ.cpp">
      <Filter>Common\Utility</Filter>
    </ClCompile>
    <ClCompile Include="Source\Utility\GPlaneYZ.cpp">
      <Filter>Common\Utility</Filter>
    </ClCompile>
    <ClCompile Include="Source\Utility\GSky.cpp">
      <Filter>Common\Utility</Filter>
    </ClCompile>
    <ClCompile Include="Source\Utility\GSphere.cpp">
      <Filter>Common\Utility</Filter>
    </ClCompile>
    <ClCompile Include="Source\Utility\GTriangle.cpp">
      <Filter>Common\Utility</Filter>
    </ClCompile>
    <ClCompile Include="Source\Utility\GWave.cpp">
      <Filter>Common\Utility</Filter>
    </ClCompile>
    <ClCompile Include="Source\Utility\MathHelper.cpp">
      <Filter>Common\Utility</Filter>
    </ClCompile>
    <ClCompile Include="Source\Utility\Waves.cpp">
      <Filter>Common\Utility</Filter>
    </ClCompile>
    <ClCompile Include="Source\ThirdParty\DDSTextureLoader.cpp">
      <Filter>Common\ThirdParty</Filter>
    </ClCompile>
    <ClCompile Include="Source\ThirdParty\DXErr.cpp">
      <Filter>Common\ThirdParty</Filter>
    </ClCompile>
    <ClCompile Include="Source\RenderPassSSAO.cpp">
      <Filter>Source Files</Filter>
    </ClCompile>
    <ClCompile Include="Source\Utility\D3DUtil.cpp">
      <Filter>Common\Utility</Filter>
    </ClCompile>
    <ClCompile Include="Source\Utility\GObjectStore.cpp">
      <Filter>Common\Utility</Filter>
    </ClCompile>
    <ClCompile Include="Source\RenderPassParticleSystem.cpp">
      <Filter>Source Files</Filter>
    </ClCompile>
    <ClCompile Include="Source\RenderPassShadow.cpp">
      <Filter>Source Files</Filter>
    </ClCompile>
  </ItemGroup>
  <ItemGroup>
    <ClInclude Include="Source\MyApp.h">
      <Filter>Header Files</Filter>
    </ClInclude>
    <ClInclude Include="Source\Vertex.h">
      <Filter>Header Files</Filter>
    </ClInclude>
    <ClInclude Include="Source\RenderStates.h">
      <Filter>Header Files</Filter>
    </ClInclude>
    <ClInclude Include="Source\Utility\D3DApp.h">
      <Filter>Common\Utility</Filter>
    </ClInclude>
    <ClInclude Include="Source\Utility\D3DTypes.h">
      <Filter>Common\Utility</Filter>
    </ClInclude>
    <ClInclude Include="Source\Utility\D3DUtil.h">
      <Filter>Common\Utility</Filter>
    </ClInclude>
    <ClInclude Include="Source\Utility\GameTimer.h">
      <Filter>Common\Utility</Filter>
    </ClInclude>
    <ClInclude Include="Source\Utility\GCube.h">
      <Filter>Common\Utility</Filter>
    </ClInclude>
    <ClInclude Include="Source\Utility\GCylinder.h">
      <Filter>Common\Utility</Filter>
    </ClInclude>
    <ClInclude Include="Source\Utility\GeometryGenerator.h">
      <Filter>Common\Utility</Filter>
    </ClInclude>
    <ClInclude Include="Source\Utility\GFirstPersonCamera.h">
      <Filter>Common\Utility</Filter>
    </ClInclude>
    <ClInclude Include="Source\Utility\GHill.h">
      <Filter>Common\Utility</Filter>
    </ClInclude>
    <ClInclude Include="Source\Utility\GObject.h">
      <Filter>Common\Utility</Filter>
    </ClInclude>
    <ClInclude Include="Source\Utility\GPlane.h">
      <Filter>Common\Utility</Filter>
    </ClInclude>
    <ClInclude Include="Source\Utility\GPlaneXY.h">
      <Filter>Common\Utility</Filter>
    </ClInclude>
    <ClInclude Include="Source\Utility\GPlaneXZ.h">
      <Filter>Common\Utility</Filter>
    </ClInclude>
    <ClInclude Include="Source\Utility\GPlaneYZ.h">
      <Filter>Common\Utility</Filter>
    </ClInclude>
    <ClInclude Include="Source\Utility\GSky.h">
      <Filter>Common\Utility</Filter>
    </ClInclude>
    <ClInclude Include="Source\Utility\GSphere.h">
      <Filter>Common\Utility</Filter>
    </ClInclude>
    <ClInclude Include="Source\Utility\GTriangle.h">
      <Filter>Common\Utility</Filter>
    </ClInclude>
    <ClInclude Include="Source\Utility\GWave.h">
      <Filter>Common\Utility</Filter>
    </ClInclude>
    <ClInclude Include="Source\Utility\LightHelper.h">
      <Filter>Common\Utility</Filter>
    </ClInclude>
    <ClInclude Include="Source\Utility\MathHelper.h">
      <Filter>Common\Utility</Filter>
    </ClInclude>
    <ClInclude Include="Source\Utility\Waves.h">
      <Filter>Common\Utility</Filter>
    </ClInclude>
    <ClInclude Include="Source\ThirdParty\D3DX11Effect.h">
      <Filter>Common\ThirdParty</Filter>
    </ClInclude>
    <ClInclude Include="Source\ThirdParty\DDSTextureLoader.h">
      <Filter>Common\ThirdParty</Filter>
    </ClInclude>
    <ClInclude Include="Source\ThirdParty\DXErr.h">
      <Filter>Common\ThirdParty</Filter>
    </ClInclude>
    <ClInclude Include="Source\ConstantBuffers.h">
      <Filter>Header Files</Filter>
    </ClInclude>
    <ClInclude Include="Source\RenderPass.h">
      <Filter>Header Files</Filter>
    </ClInclude>
    <ClInclude Include="Source\RenderPassSSAO.h">
      <Filter>Header Files</Filter>
    </ClInclude>
    <ClInclude Include="Source\Utility\GObjectStore.h">
      <Filter>Common\Utility</Filter>
    </ClInclude>
    <ClInclude Include="Source\RenderPassParticleSystem.h">
      <Filter>Header Files</Filter>
    </ClInclude>
    <ClInclude Include="Source\RenderPassShadow.h">
      <Filter>Header Files</Filter>
    </ClInclude>
  </ItemGroup>
  <ItemGroup>
    <FxCompile Include="Assets\Shaders\BlurPS.hlsl">
      <Filter>Shaders</Filter>
    </FxCompile>
    <FxCompile Include="Assets\Shaders\BlurVS.hlsl">
      <Filter>Shaders</Filter>
    </FxCompile>
    <FxCompile Include="Assets\Shaders\DebugTexturePS.hlsl">
      <Filter>Shaders</Filter>
    </FxCompile>
    <FxCompile Include="Assets\Shaders\DebugTextureVS.hlsl">
      <Filter>Shaders</Filter>
    </FxCompile>
    <FxCompile Include="Assets\Shaders\NormalDepthPS.hlsl">
      <Filter>Shaders</Filter>
    </FxCompile>
    <FxCompile Include="Assets\Shaders\NormalDepthVS.hlsl">
      <Filter>Shaders</Filter>
    </FxCompile>
    <FxCompile Include="Assets\Shaders\SSAOPS.hlsl">
      <Filter>Shaders</Filter>
    </FxCompile>
    <FxCompile Include="Assets\Shaders\SSAOVS.hlsl">
      <Filter>Shaders</Filter>
    </FxCompile>
    <FxCompile Include="Assets\Shaders\ParticleDrawGS.hlsl">
      <Filter>Shaders</Filter>
    </FxCompile>
    <FxCompile Include="Assets\Shaders\ParticleDrawPS.hlsl">
      <Filter>Shaders</Filter>
    </FxCompile>
    <FxCompile Include="Assets\Shaders\ParticleDrawVS.hlsl">
      <Filter>Shaders</Filter>
    </FxCompile>
    <FxCompile Include="Assets\Shaders\ParticleStreamOutGS.hlsl">
      <Filter>Shaders</Filter>
    </FxCompile>
    <FxCompile Include="Assets\Shaders\ParticleStreamOutVS.hlsl">
      <Filter>Shaders</Filter>
    </FxCompile>
    <FxCompile Include="Assets\Shaders\MainPS.hlsl">
      <Filter>Shaders</Filter>
    </FxCompile>
    <FxCompile Include="Assets\Shaders\MainVS.hlsl">
      <Filter>Shaders</Filter>
    </FxCompile>
    <FxCompile Include="Assets\Shaders\ShadowVS.hlsl">
      <Filter>Shaders</Filter>
    </FxCompile>
    <FxCompile Include="Assets\Shaders\SkyPS.hlsl">
      <Filter>Shaders</Filter>
    </FxCompile>
    <FxCompile Include="Assets\Shaders\SkyVS.hlsl">
      <Filter>Shaders</Filter>
    </FxCompile>
  </ItemGroup>
</Project>